// !$*UTF8*$!
{
	archiveVersion = 1;
	classes = {
	};
	objectVersion = 46;
	objects = {

/* Begin PBXBuildFile section */
		3E1AD5571BB7B380007BC354 /* AppDelegate.swift in Sources */ = {isa = PBXBuildFile; fileRef = 3E1AD5561BB7B380007BC354 /* AppDelegate.swift */; };
		3E1AD5591BB7B380007BC354 /* MapViewController.swift in Sources */ = {isa = PBXBuildFile; fileRef = 3E1AD5581BB7B380007BC354 /* MapViewController.swift */; };
		3E1AD55C1BB7B380007BC354 /* Main.storyboard in Resources */ = {isa = PBXBuildFile; fileRef = 3E1AD55A1BB7B380007BC354 /* Main.storyboard */; };
		3E1AD55E1BB7B380007BC354 /* Assets.xcassets in Resources */ = {isa = PBXBuildFile; fileRef = 3E1AD55D1BB7B380007BC354 /* Assets.xcassets */; };
		3E1AD5611BB7B380007BC354 /* LaunchScreen.storyboard in Resources */ = {isa = PBXBuildFile; fileRef = 3E1AD55F1BB7B380007BC354 /* LaunchScreen.storyboard */; };
		3E1AD56C1BB7B380007BC354 /* On_The_MapUITests.swift in Sources */ = {isa = PBXBuildFile; fileRef = 3E1AD56B1BB7B380007BC354 /* On_The_MapUITests.swift */; };
		3E1AD5791BB862B2007BC354 /* TableViewController.swift in Sources */ = {isa = PBXBuildFile; fileRef = 3E1AD5781BB862B2007BC354 /* TableViewController.swift */; settings = {ASSET_TAGS = (); }; };
		3E1AD57B1BB86F89007BC354 /* Person.swift in Sources */ = {isa = PBXBuildFile; fileRef = 3E1AD57A1BB86F89007BC354 /* Person.swift */; settings = {ASSET_TAGS = (); }; };
/* End PBXBuildFile section */

/* Begin PBXContainerItemProxy section */
		3E1AD5681BB7B380007BC354 /* PBXContainerItemProxy */ = {
			isa = PBXContainerItemProxy;
			containerPortal = 3E1AD54B1BB7B380007BC354 /* Project object */;
			proxyType = 1;
			remoteGlobalIDString = 3E1AD5521BB7B380007BC354;
			remoteInfo = "On The Map";
		};
/* End PBXContainerItemProxy section */

/* Begin PBXFileReference section */
		3E1AD5531BB7B380007BC354 /* On The Map.app */ = {isa = PBXFileReference; explicitFileType = wrapper.application; includeInIndex = 0; path = "On The Map.app"; sourceTree = BUILT_PRODUCTS_DIR; };
		3E1AD5561BB7B380007BC354 /* AppDelegate.swift */ = {isa = PBXFileReference; lastKnownFileType = sourcecode.swift; path = AppDelegate.swift; sourceTree = "<group>"; };
		3E1AD5581BB7B380007BC354 /* MapViewController.swift */ = {isa = PBXFileReference; lastKnownFileType = sourcecode.swift; path = MapViewController.swift; sourceTree = "<group>"; };
		3E1AD55B1BB7B380007BC354 /* Base */ = {isa = PBXFileReference; lastKnownFileType = file.storyboard; name = Base; path = Base.lproj/Main.storyboard; sourceTree = "<group>"; };
		3E1AD55D1BB7B380007BC354 /* Assets.xcassets */ = {isa = PBXFileReference; lastKnownFileType = folder.assetcatalog; path = Assets.xcassets; sourceTree = "<group>"; };
		3E1AD5601BB7B380007BC354 /* Base */ = {isa = PBXFileReference; lastKnownFileType = file.storyboard; name = Base; path = Base.lproj/LaunchScreen.storyboard; sourceTree = "<group>"; };
		3E1AD5621BB7B380007BC354 /* Info.plist */ = {isa = PBXFileReference; lastKnownFileType = text.plist.xml; path = Info.plist; sourceTree = "<group>"; };
		3E1AD5671BB7B380007BC354 /* On The MapUITests.xctest */ = {isa = PBXFileReference; explicitFileType = wrapper.cfbundle; includeInIndex = 0; path = "On The MapUITests.xctest"; sourceTree = BUILT_PRODUCTS_DIR; };
		3E1AD56B1BB7B380007BC354 /* On_The_MapUITests.swift */ = {isa = PBXFileReference; lastKnownFileType = sourcecode.swift; path = On_The_MapUITests.swift; sourceTree = "<group>"; };
		3E1AD56D1BB7B380007BC354 /* Info.plist */ = {isa = PBXFileReference; lastKnownFileType = text.plist.xml; path = Info.plist; sourceTree = "<group>"; };
		3E1AD5781BB862B2007BC354 /* TableViewController.swift */ = {isa = PBXFileReference; fileEncoding = 4; lastKnownFileType = sourcecode.swift; path = TableViewController.swift; sourceTree = "<group>"; };
		3E1AD57A1BB86F89007BC354 /* Person.swift */ = {isa = PBXFileReference; fileEncoding = 4; lastKnownFileType = sourcecode.swift; path = Person.swift; sourceTree = "<group>"; };
/* End PBXFileReference section */

/* Begin PBXFrameworksBuildPhase section */
		3E1AD5501BB7B380007BC354 /* Frameworks */ = {
			isa = PBXFrameworksBuildPhase;
			buildActionMask = 2147483647;
			files = (
			);
			runOnlyForDeploymentPostprocessing = 0;
		};
		3E1AD5641BB7B380007BC354 /* Frameworks */ = {
			isa = PBXFrameworksBuildPhase;
			buildActionMask = 2147483647;
			files = (
			);
			runOnlyForDeploymentPostprocessing = 0;
		};
/* End PBXFrameworksBuildPhase section */

/* Begin PBXGroup section */
		3E1AD54A1BB7B380007BC354 = {
			isa = PBXGroup;
			children = (
				3E1AD5551BB7B380007BC354 /* On The Map */,
				3E1AD56A1BB7B380007BC354 /* On The MapUITests */,
				3E1AD5541BB7B380007BC354 /* Products */,
			);
			sourceTree = "<group>";
		};
		3E1AD5541BB7B380007BC354 /* Products */ = {
			isa = PBXGroup;
			children = (
				3E1AD5531BB7B380007BC354 /* On The Map.app */,
				3E1AD5671BB7B380007BC354 /* On The MapUITests.xctest */,
			);
			name = Products;
			sourceTree = "<group>";
		};
		3E1AD5551BB7B380007BC354 /* On The Map */ = {
			isa = PBXGroup;
			children = (
				3E1AD5561BB7B380007BC354 /* AppDelegate.swift */,
				3E1AD5581BB7B380007BC354 /* MapViewController.swift */,
				3E1AD5781BB862B2007BC354 /* TableViewController.swift */,
				3E1AD57A1BB86F89007BC354 /* Person.swift */,
				3E1AD55A1BB7B380007BC354 /* Main.storyboard */,
				3E1AD55D1BB7B380007BC354 /* Assets.xcassets */,
				3E1AD55F1BB7B380007BC354 /* LaunchScreen.storyboard */,
				3E1AD5621BB7B380007BC354 /* Info.plist */,
			);
			path = "On The Map";
			sourceTree = "<group>";
		};
		3E1AD56A1BB7B380007BC354 /* On The MapUITests */ = {
			isa = PBXGroup;
			children = (
				3E1AD56B1BB7B380007BC354 /* On_The_MapUITests.swift */,
				3E1AD56D1BB7B380007BC354 /* Info.plist */,
			);
			path = "On The MapUITests";
			sourceTree = "<group>";
		};
/* End PBXGroup section */

/* Begin PBXNativeTarget section */
		3E1AD5521BB7B380007BC354 /* On The Map */ = {
			isa = PBXNativeTarget;
			buildConfigurationList = 3E1AD5701BB7B380007BC354 /* Build configuration list for PBXNativeTarget "On The Map" */;
			buildPhases = (
				3E1AD54F1BB7B380007BC354 /* Sources */,
				3E1AD5501BB7B380007BC354 /* Frameworks */,
				3E1AD5511BB7B380007BC354 /* Resources */,
			);
			buildRules = (
			);
			dependencies = (
			);
			name = "On The Map";
			productName = "On The Map";
			productReference = 3E1AD5531BB7B380007BC354 /* On The Map.app */;
			productType = "com.apple.product-type.application";
		};
		3E1AD5661BB7B380007BC354 /* On The MapUITests */ = {
			isa = PBXNativeTarget;
			buildConfigurationList = 3E1AD5731BB7B380007BC354 /* Build configuration list for PBXNativeTarget "On The MapUITests" */;
			buildPhases = (
				3E1AD5631BB7B380007BC354 /* Sources */,
				3E1AD5641BB7B380007BC354 /* Frameworks */,
				3E1AD5651BB7B380007BC354 /* Resources */,
			);
			buildRules = (
			);
			dependencies = (
				3E1AD5691BB7B380007BC354 /* PBXTargetDependency */,
			);
			name = "On The MapUITests";
			productName = "On The MapUITests";
			productReference = 3E1AD5671BB7B380007BC354 /* On The MapUITests.xctest */;
			productType = "com.apple.product-type.bundle.ui-testing";
		};
/* End PBXNativeTarget section */

/* Begin PBXProject section */
		3E1AD54B1BB7B380007BC354 /* Project object */ = {
			isa = PBXProject;
			attributes = {
				LastUpgradeCheck = 0700;
				ORGANIZATIONNAME = BaconCo.;
				TargetAttributes = {
					3E1AD5521BB7B380007BC354 = {
						CreatedOnToolsVersion = 7.0;
					};
					3E1AD5661BB7B380007BC354 = {
						CreatedOnToolsVersion = 7.0;
						TestTargetID = 3E1AD5521BB7B380007BC354;
					};
				};
			};
			buildConfigurationList = 3E1AD54E1BB7B380007BC354 /* Build configuration list for PBXProject "On The Map" */;
			compatibilityVersion = "Xcode 3.2";
			developmentRegion = English;
			hasScannedForEncodings = 0;
			knownRegions = (
				en,
				Base,
			);
			mainGroup = 3E1AD54A1BB7B380007BC354;
			productRefGroup = 3E1AD5541BB7B380007BC354 /* Products */;
			projectDirPath = "";
			projectRoot = "";
			targets = (
				3E1AD5521BB7B380007BC354 /* On The Map */,
				3E1AD5661BB7B380007BC354 /* On The MapUITests */,
			);
		};
/* End PBXProject section */

/* Begin PBXResourcesBuildPhase section */
		3E1AD5511BB7B380007BC354 /* Resources */ = {
			isa = PBXResourcesBuildPhase;
			buildActionMask = 2147483647;
			files = (
				3E1AD5611BB7B380007BC354 /* LaunchScreen.storyboard in Resources */,
				3E1AD55E1BB7B380007BC354 /* Assets.xcassets in Resources */,
				3E1AD55C1BB7B380007BC354 /* Main.storyboard in Resources */,
			);
			runOnlyForDeploymentPostprocessing = 0;
		};
		3E1AD5651BB7B380007BC354 /* Resources */ = {
			isa = PBXResourcesBuildPhase;
			buildActionMask = 2147483647;
			files = (
			);
			runOnlyForDeploymentPostprocessing = 0;
		};
/* End PBXResourcesBuildPhase section */

/* Begin PBXSourcesBuildPhase section */
		3E1AD54F1BB7B380007BC354 /* Sources */ = {
			isa = PBXSourcesBuildPhase;
			buildActionMask = 2147483647;
			files = (
				3E1AD5591BB7B380007BC354 /* MapViewController.swift in Sources */,
				3E1AD5791BB862B2007BC354 /* TableViewController.swift in Sources */,
				3E1AD57B1BB86F89007BC354 /* Person.swift in Sources */,
				3E1AD5571BB7B380007BC354 /* AppDelegate.swift in Sources */,
			);
			runOnlyForDeploymentPostprocessing = 0;
		};
		3E1AD5631BB7B380007BC354 /* Sources */ = {
			isa = PBXSourcesBuildPhase;
			buildActionMask = 2147483647;
			files = (
				3E1AD56C1BB7B380007BC354 /* On_The_MapUITests.swift in Sources */,
			);
			runOnlyForDeploymentPostprocessing = 0;
		};
/* End PBXSourcesBuildPhase section */

/* Begin PBXTargetDependency section */
		3E1AD5691BB7B380007BC354 /* PBXTargetDependency */ = {
			isa = PBXTargetDependency;
			target = 3E1AD5521BB7B380007BC354 /* On The Map */;
			targetProxy = 3E1AD5681BB7B380007BC354 /* PBXContainerItemProxy */;
		};
/* End PBXTargetDependency section */

/* Begin PBXVariantGroup section */
		3E1AD55A1BB7B380007BC354 /* Main.storyboard */ = {
			isa = PBXVariantGroup;
			children = (
				3E1AD55B1BB7B380007BC354 /* Base */,
			);
			name = Main.storyboard;
			sourceTree = "<group>";
		};
		3E1AD55F1BB7B380007BC354 /* LaunchScreen.storyboard */ = {
			isa = PBXVariantGroup;
			children = (
				3E1AD5601BB7B380007BC354 /* Base */,
			);
			name = LaunchScreen.storyboard;
			sourceTree = "<group>";
		};
/* End PBXVariantGroup section */

/* Begin XCBuildConfiguration section */
		3E1AD56E1BB7B380007BC354 /* Debug */ = {
			isa = XCBuildConfiguration;
			buildSettings = {
				ALWAYS_SEARCH_USER_PATHS = NO;
				CLANG_CXX_LANGUAGE_STANDARD = "gnu++0x";
				CLANG_CXX_LIBRARY = "libc++";
				CLANG_ENABLE_MODULES = YES;
				CLANG_ENABLE_OBJC_ARC = YES;
				CLANG_WARN_BOOL_CONVERSION = YES;
				CLANG_WARN_CONSTANT_CONVERSION = YES;
				CLANG_WARN_DIRECT_OBJC_ISA_USAGE = YES_ERROR;
				CLANG_WARN_EMPTY_BODY = YES;
				CLANG_WARN_ENUM_CONVERSION = YES;
				CLANG_WARN_INT_CONVERSION = YES;
				CLANG_WARN_OBJC_ROOT_CLASS = YES_ERROR;
				CLANG_WARN_UNREACHABLE_CODE = YES;
				CLANG_WARN__DUPLICATE_METHOD_MATCH = YES;
				"CODE_SIGN_IDENTITY[sdk=iphoneos*]" = "iPhone Developer";
				COPY_PHASE_STRIP = NO;
				DEBUG_INFORMATION_FORMAT = dwarf;
				ENABLE_STRICT_OBJC_MSGSEND = YES;
				ENABLE_TESTABILITY = YES;
				GCC_C_LANGUAGE_STANDARD = gnu99;
				GCC_DYNAMIC_NO_PIC = NO;
				GCC_NO_COMMON_BLOCKS = YES;
				GCC_OPTIMIZATION_LEVEL = 0;
				GCC_PREPROCESSOR_DEFINITIONS = (
					"DEBUG=1",
					"$(inherited)",
				);
				GCC_WARN_64_TO_32_BIT_CONVERSION = YES;
				GCC_WARN_ABOUT_RETURN_TYPE = YES_ERROR;
				GCC_WARN_UNDECLARED_SELECTOR = YES;
				GCC_WARN_UNINITIALIZED_AUTOS = YES_AGGRESSIVE;
				GCC_WARN_UNUSED_FUNCTION = YES;
				GCC_WARN_UNUSED_VARIABLE = YES;
				IPHONEOS_DEPLOYMENT_TARGET = 9.0;
				MTL_ENABLE_DEBUG_INFO = YES;
				ONLY_ACTIVE_ARCH = YES;
				SDKROOT = iphoneos;
				SWIFT_OPTIMIZATION_LEVEL = "-Onone";
			};
			name = Debug;
		};
		3E1AD56F1BB7B380007BC354 /* Release */ = {
			isa = XCBuildConfiguration;
			buildSettings = {
				ALWAYS_SEARCH_USER_PATHS = NO;
				CLANG_CXX_LANGUAGE_STANDARD = "gnu++0x";
				CLANG_CXX_LIBRARY = "libc++";
				CLANG_ENABLE_MODULES = YES;
				CLANG_ENABLE_OBJC_ARC = YES;
				CLANG_WARN_BOOL_CONVERSION = YES;
				CLANG_WARN_CONSTANT_CONVERSION = YES;
				CLANG_WARN_DIRECT_OBJC_ISA_USAGE = YES_ERROR;
				CLANG_WARN_EMPTY_BODY = YES;
				CLANG_WARN_ENUM_CONVERSION = YES;
				CLANG_WARN_INT_CONVERSION = YES;
				CLANG_WARN_OBJC_ROOT_CLASS = YES_ERROR;
				CLANG_WARN_UNREACHABLE_CODE = YES;
				CLANG_WARN__DUPLICATE_METHOD_MATCH = YES;
				"CODE_SIGN_IDENTITY[sdk=iphoneos*]" = "iPhone Developer";
				COPY_PHASE_STRIP = NO;
				DEBUG_INFORMATION_FORMAT = "dwarf-with-dsym";
				ENABLE_NS_ASSERTIONS = NO;
				ENABLE_STRICT_OBJC_MSGSEND = YES;
				GCC_C_LANGUAGE_STANDARD = gnu99;
				GCC_NO_COMMON_BLOCKS = YES;
				GCC_WARN_64_TO_32_BIT_CONVERSION = YES;
				GCC_WARN_ABOUT_RETURN_TYPE = YES_ERROR;
				GCC_WARN_UNDECLARED_SELECTOR = YES;
				GCC_WARN_UNINITIALIZED_AUTOS = YES_AGGRESSIVE;
				GCC_WARN_UNUSED_FUNCTION = YES;
				GCC_WARN_UNUSED_VARIABLE = YES;
				IPHONEOS_DEPLOYMENT_TARGET = 9.0;
				MTL_ENABLE_DEBUG_INFO = NO;
				SDKROOT = iphoneos;
				VALIDATE_PRODUCT = YES;
			};
			name = Release;
		};
		3E1AD5711BB7B380007BC354 /* Debug */ = {
			isa = XCBuildConfiguration;
			buildSettings = {
				ASSETCATALOG_COMPILER_APPICON_NAME = AppIcon;
				INFOPLIST_FILE = "On The Map/Info.plist";
				LD_RUNPATH_SEARCH_PATHS = "$(inherited) @executable_path/Frameworks";
				PRODUCT_BUNDLE_IDENTIFIER = "co.CrispyBacon.On-The-Map";
				PRODUCT_NAME = "$(TARGET_NAME)";
			};
			name = Debug;
		};
		3E1AD5721BB7B380007BC354 /* Release */ = {
			isa = XCBuildConfiguration;
			buildSettings = {
				ASSETCATALOG_COMPILER_APPICON_NAME = AppIcon;
				INFOPLIST_FILE = "On The Map/Info.plist";
				LD_RUNPATH_SEARCH_PATHS = "$(inherited) @executable_path/Frameworks";
				PRODUCT_BUNDLE_IDENTIFIER = "co.CrispyBacon.On-The-Map";
				PRODUCT_NAME = "$(TARGET_NAME)";
			};
			name = Release;
		};
		3E1AD5741BB7B380007BC354 /* Debug */ = {
			isa = XCBuildConfiguration;
			buildSettings = {
				INFOPLIST_FILE = "On The MapUITests/Info.plist";
				LD_RUNPATH_SEARCH_PATHS = "$(inherited) @executable_path/Frameworks @loader_path/Frameworks";
				PRODUCT_BUNDLE_IDENTIFIER = "co.CrispyBacon.On-The-MapUITests";
				PRODUCT_NAME = "$(TARGET_NAME)";
				TEST_TARGET_NAME = "On The Map";
				USES_XCTRUNNER = YES;
			};
			name = Debug;
		};
		3E1AD5751BB7B380007BC354 /* Release */ = {
			isa = XCBuildConfiguration;
			buildSettings = {
				INFOPLIST_FILE = "On The MapUITests/Info.plist";
				LD_RUNPATH_SEARCH_PATHS = "$(inherited) @executable_path/Frameworks @loader_path/Frameworks";
				PRODUCT_BUNDLE_IDENTIFIER = "co.CrispyBacon.On-The-MapUITests";
				PRODUCT_NAME = "$(TARGET_NAME)";
				TEST_TARGET_NAME = "On The Map";
				USES_XCTRUNNER = YES;
			};
			name = Release;
		};
/* End XCBuildConfiguration section */

/* Begin XCConfigurationList section */
		3E1AD54E1BB7B380007BC354 /* Build configuration list for PBXProject "On The Map" */ = {
			isa = XCConfigurationList;
			buildConfigurations = (
				3E1AD56E1BB7B380007BC354 /* Debug */,
				3E1AD56F1BB7B380007BC354 /* Release */,
			);
			defaultConfigurationIsVisible = 0;
			defaultConfigurationName = Release;
		};
		3E1AD5701BB7B380007BC354 /* Build configuration list for PBXNativeTarget "On The Map" */ = {
			isa = XCConfigurationList;
			buildConfigurations = (
				3E1AD5711BB7B380007BC354 /* Debug */,
				3E1AD5721BB7B380007BC354 /* Release */,
			);
			defaultConfigurationIsVisible = 0;
		};
		3E1AD5731BB7B380007BC354 /* Build configuration list for PBXNativeTarget "On The MapUITests" */ = {
			isa = XCConfigurationList;
			buildConfigurations = (
				3E1AD5741BB7B380007BC354 /* Debug */,
				3E1AD5751BB7B380007BC354 /* Release */,
			);
			defaultConfigurationIsVisible = 0;
		};
/* End XCConfigurationList section */
	};
	rootObject = 3E1AD54B1BB7B380007BC354 /* Project object */;
}
